
Microsoft Visual Studio Solution File, Format Version 12.00
# Visual Studio Version 17
VisualStudioVersion = 17.9.34622.214
MinimumVisualStudioVersion = 10.0.40219.1
Project("{9A19103F-16F7-4668-BE54-9A1E7A4F7556}") = "RauchTech.Logging", "RauchTech.Logging.csproj", "{52420607-3F22-4430-A8DF-CAB2B35009EA}"
EndProject
Global
	GlobalSection(SolutionConfigurationPlatforms) = preSolution
		Debug|Any CPU = Debug|Any CPU
		Release|Any CPU = Release|Any CPU
	EndGlobalSection
	GlobalSection(ProjectConfigurationPlatforms) = postSolution
		{52420607-3F22-4430-A8DF-CAB2B35009EA}.Debug|Any CPU.ActiveCfg = Debug|Any CPU
		{52420607-3F22-4430-A8DF-CAB2B35009EA}.Debug|Any CPU.Build.0 = Debug|Any CPU
		{52420607-3F22-4430-A8DF-CAB2B35009EA}.Release|Any CPU.ActiveCfg = Release|Any CPU
		{52420607-3F22-4430-A8DF-CAB2B35009EA}.Release|Any CPU.Build.0 = Release|Any CPU
	EndGlobalSection
	GlobalSection(SolutionProperties) = preSolution
		HideSolutionNode = FALSE
	EndGlobalSection
	GlobalSection(ExtensibilityGlobals) = postSolution
		SolutionGuid = {88677EC9-F8A8-4D5F-95A8-3F6FDD22FD54}
	EndGlobalSection
EndGlobal
